
Microsoft Visual Studio Solution File, Format Version 12.00
# Visual Studio 15
VisualStudioVersion = 15.0.28307.572
MinimumVisualStudioVersion = 10.0.40219.1
Project("{FAE04EC0-301F-11D3-BF4B-00C04F79EFBC}") = "WordUnscrambler", "WordUnscrambler\WordUnscrambler.csproj", "{DD892CBA-E72F-4454-B34D-02C3B1F5F255}"
EndProject
Project("{FAE04EC0-301F-11D3-BF4B-00C04F79EFBC}") = "WordUnscrambler.Test.Unit", "WordUnscrambler.Test.Unit\WordUnscrambler.Test.Unit.csproj", "{3162E224-D54F-48CB-AFF4-66692DE472D6}"
EndProject
Global
	GlobalSection(SolutionConfigurationPlatforms) = preSolution
		Debug|Any CPU = Debug|Any CPU
		Release|Any CPU = Release|Any CPU
	EndGlobalSection
	GlobalSection(ProjectConfigurationPlatforms) = postSolution
		{DD892CBA-E72F-4454-B34D-02C3B1F5F255}.Debug|Any CPU.ActiveCfg = Debug|Any CPU
		{DD892CBA-E72F-4454-B34D-02C3B1F5F255}.Debug|Any CPU.Build.0 = Debug|Any CPU
		{DD892CBA-E72F-4454-B34D-02C3B1F5F255}.Release|Any CPU.ActiveCfg = Release|Any CPU
		{DD892CBA-E72F-4454-B34D-02C3B1F5F255}.Release|Any CPU.Build.0 = Release|Any CPU
		{3162E224-D54F-48CB-AFF4-66692DE472D6}.Debug|Any CPU.ActiveCfg = Debug|Any CPU
		{3162E224-D54F-48CB-AFF4-66692DE472D6}.Debug|Any CPU.Build.0 = Debug|Any CPU
		{3162E224-D54F-48CB-AFF4-66692DE472D6}.Release|Any CPU.ActiveCfg = Release|Any CPU
		{3162E224-D54F-48CB-AFF4-66692DE472D6}.Release|Any CPU.Build.0 = Release|Any CPU
	EndGlobalSection
	GlobalSection(SolutionProperties) = preSolution
		HideSolutionNode = FALSE
	EndGlobalSection
	GlobalSection(ExtensibilityGlobals) = postSolution
		SolutionGuid = {2FBE3D0A-86D1-405A-95AA-A2B9FE6AB666}
	EndGlobalSection
EndGlobal
